{
  "name": "@dalisoft/swipe-gesture",
  "version": "0.0.1",
  "lockfileVersion": 1,
  "requires": true,
  "dependencies": {
    "lib-export": {
      "version": "0.0.2",
      "resolved": "https://registry.npmjs.org/lib-export/-/lib-export-0.0.2.tgz",
      "integrity": "sha512-bc4rINRC7h//JGNDeA816A0ceM3lkMprj5X1A48rtiBie+wfdKS1TdgL4wX9JdLZsfN1GP7I2/PirvLZRSjOJg==",
      "dev": true
    }
  }
}
