{
  "name": "eslint-config-airlight-node",
  "version": "0.0.2",
  "lockfileVersion": 1,
  "requires": true,
  "dependencies": {
    "@commitlint/config-lerna-scopes": {
      "version": "11.0.0",
      "resolved": "https://registry.npmjs.org/@commitlint/config-lerna-scopes/-/config-lerna-scopes-11.0.0.tgz",
      "integrity": "sha512-/PjLKefMlnG+Sk27MY3MZo+T/9/PrgDcLk1YCSPVHNkXibXiS2Hb5NEMuNHzPxwts4IvJo0WIOb0YOBx5GBsdA==",
      "dev": true,
      "requires": {
        "import-from": "3.0.0",
        "resolve-pkg": "2.0.0",
        "semver": "7.3.2"
      }
    },
    "import-from": {
      "version": "3.0.0",
      "resolved": "https://registry.npmjs.org/import-from/-/import-from-3.0.0.tgz",
      "integrity": "sha512-CiuXOFFSzkU5x/CR0+z7T91Iht4CXgfCxVOFRhh2Zyhg5wOpWvvDLQUsWl+gcN+QscYBjez8hDCt85O7RLDttQ==",
      "dev": true,
      "requires": {
        "resolve-from": "^5.0.0"
      }
    },
    "resolve-from": {
      "version": "5.0.0",
      "resolved": "https://registry.npmjs.org/resolve-from/-/resolve-from-5.0.0.tgz",
      "integrity": "sha512-qYg9KP24dD5qka9J47d0aVky0N+b4fTU89LN9iDnjB5waksiC49rvMB0PrUJQGoTmH50XPiqOvAjDfaijGxYZw==",
      "dev": true
    },
    "resolve-pkg": {
      "version": "2.0.0",
      "resolved": "https://registry.npmjs.org/resolve-pkg/-/resolve-pkg-2.0.0.tgz",
      "integrity": "sha512-+1lzwXehGCXSeryaISr6WujZzowloigEofRB+dj75y9RRa/obVcYgbHJd53tdYw8pvZj8GojXaaENws8Ktw/hQ==",
      "dev": true,
      "requires": {
        "resolve-from": "^5.0.0"
      }
    },
    "semver": {
      "version": "7.3.2",
      "resolved": "https://registry.npmjs.org/semver/-/semver-7.3.2.tgz",
      "integrity": "sha512-OrOb32TeeambH6UrhtShmF7CRDqhL6/5XpPNp2DuRH6+9QLw/orhp72j87v8Qa1ScDkvrrBNpZcDejAirJmfXQ==",
      "dev": true
    }
  }
}
